lockfileVersion: '6.0'

settings:
  autoInstallPeers: true
  excludeLinksFromLockfile: false

importers:

  .:
    devDependencies:
      '@grafbase/sdk':
        specifier: ^0.18.0
        version: 0.18.0
      '@graphql-yoga/plugin-defer-stream':
        specifier: ^3.1.1
        version: 3.1.1(graphql-yoga@5.1.1)(graphql@16.8.1)
      grafbase:
        specifier: ^0.60.0
        version: 0.60.0
      graphql:
        specifier: ^16.8.1
        version: 16.8.1
      graphql-yoga:
        specifier: ^5.1.1
        version: 5.1.1(graphql@16.8.1)
      prettier:
        specifier: ^3.2.5
        version: 3.2.5
      ts-node:
        specifier: ^10.9.2
        version: 10.9.2(@types/node@20.11.25)(typescript@5.4.2)
      turbo:
        specifier: ^1.12.5
        version: 1.12.5
      typescript:
        specifier: ^5.4.2
        version: 5.4.2

  apps/gateway: {}

  apps/products:
    devDependencies:
      '@grafbase/sdk':
        specifier: ^0.18.0
        version: 0.18.0

  apps/reviews: {}

packages:

  /@cspotcode/source-map-support@0.8.1:
    resolution: {integrity: sha512-IchNf6dN4tHoMFIn/7OE8LWZ19Y6q/67Bmf6vnGREv8RSbBVb9LPJxEcnwrcwX6ixSvaiGoomAUvu4YSxXrVgw==}
    engines: {node: '>=12'}
    dependencies:
      '@jridgewell/trace-mapping': 0.3.9
    dev: true

  /@envelop/core@5.0.0:
    resolution: {integrity: sha512-aJdnH/ptv+cvwfvciCBe7TSvccBwo9g0S5f6u35TBVzRVqIGkK03lFlIL+x1cnfZgN9EfR2b1PH2galrT1CdCQ==}
    engines: {node: '>=18.0.0'}
    dependencies:
      '@envelop/types': 5.0.0
      tslib: 2.6.2
    dev: true

  /@envelop/types@5.0.0:
    resolution: {integrity: sha512-IPjmgSc4KpQRlO4qbEDnBEixvtb06WDmjKfi/7fkZaryh5HuOmTtixe1EupQI5XfXO8joc3d27uUZ0QdC++euA==}
    engines: {node: '>=18.0.0'}
    dependencies:
      tslib: 2.6.2
    dev: true

  /@grafbase/cli-aarch64-apple-darwin@0.60.0:
    resolution: {integrity: sha512-I/0KU7iEWDsInGQ3BY8wH7A2DDZPaNo7/l5jLBboQQ7mTdyzJHl8vRjXpP2wNd8b0ngY8BBOz9+xoYvW5flQbA==}
    cpu: [arm64]
    os: [darwin]
    requiresBuild: true
    dev: true
    optional: true

  /@grafbase/cli-aarch64-unknown-linux-musl@0.60.0:
    resolution: {integrity: sha512-dlfhAtLhEC44ARo2i0ocFcz6/QyCudxM8zTL/50KiM9ufNjJWMLpFE9TAkkrY5RnpGX8EDDeLdKIc9v1RBAYnA==}
    cpu: [arm64]
    os: [linux]
    requiresBuild: true
    dev: true
    optional: true

  /@grafbase/cli-x86_64-apple-darwin@0.60.0:
    resolution: {integrity: sha512-0irPwRoAQxSlygAsaqnrePoYBGph4LyNLCQkwj20qLhWzTQOyY5hgRgXMxaM7gLb3MzMBdKez9ZyBdmPkXLW3A==}
    cpu: [x64]
    os: [darwin]
    requiresBuild: true
    dev: true
    optional: true

  /@grafbase/cli-x86_64-pc-windows-msvc@0.53.0:
    resolution: {integrity: sha512-UhdMT8xomkgnQRp1hlm3nqZr9ZNgSitWLNh2U4Ov6ZWFaspctm1Lo3KurriDhBCL4aHzJqz1cWUp7IFDOgWC/w==}
    cpu: [x64]
    os: [win32]
    requiresBuild: true
    dev: true
    optional: true

  /@grafbase/cli-x86_64-unknown-linux-musl@0.60.0:
    resolution: {integrity: sha512-hNd1vCFgMrtBwNROuq78W2P4rwqIlXmyyGwUbLUZ+7AmZ3Zul9fmq1y+xLDn13MQgNVfDcjwJNwRVQXKA12saw==}
    cpu: [x64]
    os: [linux]
    requiresBuild: true
    dev: true
    optional: true

  /@grafbase/sdk@0.18.0:
    resolution: {integrity: sha512-A5TDxIUdJt/8RMDNmTv8B2M2f62FseLFN1brjsqrnSmCyOR+FELDl6U5Wy/6s7yCXBJoIDMsIw9oLb+4OhVbUw==}
    engines: {node: '>=16.13.0'}
    dependencies:
      dotenv: 16.4.5
      type-fest: 4.12.0
    dev: true

  /@graphql-tools/executor@1.2.1(graphql@16.8.1):
    resolution: {integrity: sha512-BP5UI1etbNOXmTSt7q4NL1+zsURFgh2pG+Hyt9K/xO0LlsfbSx59L5dHLerqZP7Js0xI6GYqrUQ4m29rUwUHJg==}
    engines: {node: '>=16.0.0'}
    peerDependencies:
      graphql: ^14.0.0 || ^15.0.0 || ^16.0.0 || ^17.0.0
    dependencies:
      '@graphql-tools/utils': 10.1.0(graphql@16.8.1)
      '@graphql-typed-document-node/core': 3.2.0(graphql@16.8.1)
      '@repeaterjs/repeater': 3.0.5
      graphql: 16.8.1
      tslib: 2.6.2
      value-or-promise: 1.0.12
    dev: true

  /@graphql-tools/merge@9.0.3(graphql@16.8.1):
    resolution: {integrity: sha512-FeKv9lKLMwqDu0pQjPpF59GY3HReUkWXKsMIuMuJQOKh9BETu7zPEFUELvcw8w+lwZkl4ileJsHXC9+AnsT2Lw==}
    engines: {node: '>=16.0.0'}
    peerDependencies:
      graphql: ^14.0.0 || ^15.0.0 || ^16.0.0 || ^17.0.0
    dependencies:
      '@graphql-tools/utils': 10.1.0(graphql@16.8.1)
      graphql: 16.8.1
      tslib: 2.6.2
    dev: true

  /@graphql-tools/schema@10.0.3(graphql@16.8.1):
    resolution: {integrity: sha512-p28Oh9EcOna6i0yLaCFOnkcBDQECVf3SCexT6ktb86QNj9idnkhI+tCxnwZDh58Qvjd2nURdkbevvoZkvxzCog==}
    engines: {node: '>=16.0.0'}
    peerDependencies:
      graphql: ^14.0.0 || ^15.0.0 || ^16.0.0 || ^17.0.0
    dependencies:
      '@graphql-tools/merge': 9.0.3(graphql@16.8.1)
      '@graphql-tools/utils': 10.1.0(graphql@16.8.1)
      graphql: 16.8.1
      tslib: 2.6.2
      value-or-promise: 1.0.12
    dev: true

  /@graphql-tools/utils@10.1.0(graphql@16.8.1):
    resolution: {integrity: sha512-wLPqhgeZ9BZJPRoaQbsDN/CtJDPd/L4qmmtPkjI3NuYJ39x+Eqz1Sh34EAGMuDh+xlOHqBwHczkZUpoK9tvzjw==}
    engines: {node: '>=16.0.0'}
    peerDependencies:
      graphql: ^14.0.0 || ^15.0.0 || ^16.0.0 || ^17.0.0
    dependencies:
      '@graphql-typed-document-node/core': 3.2.0(graphql@16.8.1)
      cross-inspect: 1.0.0
      dset: 3.1.3
      graphql: 16.8.1
      tslib: 2.6.2
    dev: true

  /@graphql-typed-document-node/core@3.2.0(graphql@16.8.1):
    resolution: {integrity: sha512-mB9oAsNCm9aM3/SOv4YtBMqZbYj10R7dkq8byBqxGY/ncFwhf2oQzMV+LCRlWoDSEBJ3COiR1yeDvMtsoOsuFQ==}
    peerDependencies:
      graphql: ^0.8.0 || ^0.9.0 || ^0.10.0 || ^0.11.0 || ^0.12.0 || ^0.13.0 || ^14.0.0 || ^15.0.0 || ^16.0.0 || ^17.0.0
    dependencies:
      graphql: 16.8.1
    dev: true

  /@graphql-yoga/logger@2.0.0:
    resolution: {integrity: sha512-Mg8psdkAp+YTG1OGmvU+xa6xpsAmSir0hhr3yFYPyLNwzUj95DdIwsMpKadDj9xDpYgJcH3Hp/4JMal9DhQimA==}
    engines: {node: '>=18.0.0'}
    dependencies:
      tslib: 2.6.2
    dev: true

  /@graphql-yoga/plugin-defer-stream@3.1.1(graphql-yoga@5.1.1)(graphql@16.8.1):
    resolution: {integrity: sha512-IZHjA/ps4j1cH7z3LF27P45L4F0qxVXkaCAXYnFu1mHGu7OhRull6SwFQoBZrBp9ba//e+OC2iJHc70qpo1QkQ==}
    engines: {node: '>=18.0.0'}
    peerDependencies:
      graphql: ^15.2.0 || ^16.0.0
      graphql-yoga: ^5.1.1
    dependencies:
      '@graphql-tools/utils': 10.1.0(graphql@16.8.1)
      graphql: 16.8.1
      graphql-yoga: 5.1.1(graphql@16.8.1)
    dev: true

  /@graphql-yoga/subscription@5.0.0:
    resolution: {integrity: sha512-Ri7sK8hmxd/kwaEa0YT8uqQUb2wOLsmBMxI90QDyf96lzOMJRgBuNYoEkU1pSgsgmW2glceZ96sRYfaXqwVxUw==}
    engines: {node: '>=18.0.0'}
    dependencies:
      '@graphql-yoga/typed-event-target': 3.0.0
      '@repeaterjs/repeater': 3.0.5
      '@whatwg-node/events': 0.1.1
      tslib: 2.6.2
    dev: true

  /@graphql-yoga/typed-event-target@3.0.0:
    resolution: {integrity: sha512-w+liuBySifrstuHbFrHoHAEyVnDFVib+073q8AeAJ/qqJfvFvAwUPLLtNohR/WDVRgSasfXtl3dcNuVJWN+rjg==}
    engines: {node: '>=18.0.0'}
    dependencies:
      '@repeaterjs/repeater': 3.0.5
      tslib: 2.6.2
    dev: true

  /@jridgewell/resolve-uri@3.1.2:
    resolution: {integrity: sha512-bRISgCIjP20/tbWSPWMEi54QVPRZExkuD9lJL+UIxUKtwVJA8wW1Trb1jMs1RFXo1CBTNZ/5hpC9QvmKWdopKw==}
    engines: {node: '>=6.0.0'}
    dev: true

  /@jridgewell/sourcemap-codec@1.4.15:
    resolution: {integrity: sha512-eF2rxCRulEKXHTRiDrDy6erMYWqNw4LPdQ8UQA4huuxaQsVeRPFl2oM8oDGxMFhJUWZf9McpLtJasDDZb/Bpeg==}
    dev: true

  /@jridgewell/trace-mapping@0.3.9:
    resolution: {integrity: sha512-3Belt6tdc8bPgAtbcmdtNJlirVoTmEb5e2gC94PnkwEW9jI6CAHUeoG85tjWP5WquqfavoMtMwiG4P926ZKKuQ==}
    dependencies:
      '@jridgewell/resolve-uri': 3.1.2
      '@jridgewell/sourcemap-codec': 1.4.15
    dev: true

  /@kamilkisiela/fast-url-parser@1.1.4:
    resolution: {integrity: sha512-gbkePEBupNydxCelHCESvFSFM8XPh1Zs/OAVRW/rKpEqPAl5PbOM90Si8mv9bvnR53uPD2s/FiRxdvSejpRJew==}
    dev: true

  /@repeaterjs/repeater@3.0.5:
    resolution: {integrity: sha512-l3YHBLAol6d/IKnB9LhpD0cEZWAoe3eFKUyTYWmFmCO2Q/WOckxLQAUyMZWwZV2M/m3+4vgRoaolFqaII82/TA==}
    dev: true

  /@tsconfig/node10@1.0.9:
    resolution: {integrity: sha512-jNsYVVxU8v5g43Erja32laIDHXeoNvFEpX33OK4d6hljo3jDhCBDhx5dhCCTMWUojscpAagGiRkBKxpdl9fxqA==}
    dev: true

  /@tsconfig/node12@1.0.11:
    resolution: {integrity: sha512-cqefuRsh12pWyGsIoBKJA9luFu3mRxCA+ORZvA4ktLSzIuCUtWVxGIuXigEwO5/ywWFMZ2QEGKWvkZG1zDMTag==}
    dev: true

  /@tsconfig/node14@1.0.3:
    resolution: {integrity: sha512-ysT8mhdixWK6Hw3i1V2AeRqZ5WfXg1G43mqoYlM2nc6388Fq5jcXyr5mRsqViLx/GJYdoL0bfXD8nmF+Zn/Iow==}
    dev: true

  /@tsconfig/node16@1.0.4:
    resolution: {integrity: sha512-vxhUy4J8lyeyinH7Azl1pdd43GJhZH/tP2weN8TntQblOY+A0XbT8DJk1/oCPuOOyg/Ja757rG0CgHcWC8OfMA==}
    dev: true

  /@types/node@20.11.25:
    resolution: {integrity: sha512-TBHyJxk2b7HceLVGFcpAUjsa5zIdsPWlR6XHfyGzd0SFu+/NFgQgMAl96MSDZgQDvJAvV6BKsFOrt6zIL09JDw==}
    dependencies:
      undici-types: 5.26.5
    dev: true

  /@whatwg-node/events@0.1.1:
    resolution: {integrity: sha512-AyQEn5hIPV7Ze+xFoXVU3QTHXVbWPrzaOkxtENMPMuNL6VVHrp4hHfDt9nrQpjO7BgvuM95dMtkycX5M/DZR3w==}
    engines: {node: '>=16.0.0'}
    dev: true

  /@whatwg-node/fetch@0.9.17:
    resolution: {integrity: sha512-TDYP3CpCrxwxpiNY0UMNf096H5Ihf67BK1iKGegQl5u9SlpEDYrvnV71gWBGJm+Xm31qOy8ATgma9rm8Pe7/5Q==}
    engines: {node: '>=16.0.0'}
    dependencies:
      '@whatwg-node/node-fetch': 0.5.7
      urlpattern-polyfill: 10.0.0
    dev: true

  /@whatwg-node/node-fetch@0.5.7:
    resolution: {integrity: sha512-YZA+N3JcW1eh2QRi7o/ij+M07M0dqID73ltgsOEMRyEc2UYVDbyomaih+CWCEZqBIDHw4KMDveXvv4SBZ4TLIw==}
    engines: {node: '>=16.0.0'}
    dependencies:
      '@kamilkisiela/fast-url-parser': 1.1.4
      '@whatwg-node/events': 0.1.1
      busboy: 1.6.0
      fast-querystring: 1.1.2
      tslib: 2.6.2
    dev: true

  /@whatwg-node/server@0.9.26:
    resolution: {integrity: sha512-QqNktlXBqhpZtHf1rq8h2St/flbSegrGTAhhlYo8aOQagM7MrKy+GhAS9h2FAM7JVnxAIIV4NHSJHPcYf7TqzQ==}
    engines: {node: '>=16.0.0'}
    dependencies:
      '@whatwg-node/fetch': 0.9.17
      tslib: 2.6.2
    dev: true

  /acorn-walk@8.3.2:
    resolution: {integrity: sha512-cjkyv4OtNCIeqhHrfS81QWXoCBPExR/J62oyEqepVw8WaQeSqpW2uhuLPh1m9eWhDuOo/jUXVTlifvesOWp/4A==}
    engines: {node: '>=0.4.0'}
    dev: true

  /acorn@8.11.3:
    resolution: {integrity: sha512-Y9rRfJG5jcKOE0CLisYbojUjIrIEE7AGMzA/Sm4BslANhbS+cDMpgBdcPT91oJ7OuJ9hYJBx59RjbhxVnrF8Xg==}
    engines: {node: '>=0.4.0'}
    hasBin: true
    dev: true

  /arg@4.1.3:
    resolution: {integrity: sha512-58S9QDqG0Xx27YwPSt9fJxivjYl432YCwfDMfZ+71RAqUrZef7LrKQZ3LHLOwCS4FLNBplP533Zx895SeOCHvA==}
    dev: true

  /busboy@1.6.0:
    resolution: {integrity: sha512-8SFQbg/0hQ9xy3UNTB0YEnsNBbWfhf7RtnzpL7TkBiTBRfrQ9Fxcnz7VJsleJpyp6rVLvXiuORqjlHi5q+PYuA==}
    engines: {node: '>=10.16.0'}
    dependencies:
      streamsearch: 1.1.0
    dev: true

  /create-require@1.1.1:
    resolution: {integrity: sha512-dcKFX3jn0MpIaXjisoRvexIJVEKzaq7z2rZKxf+MSr9TkdmHmsU4m2lcLojrj/FHl8mk5VxMmYA+ftRkP/3oKQ==}
    dev: true

  /cross-inspect@1.0.0:
    resolution: {integrity: sha512-4PFfn4b5ZN6FMNGSZlyb7wUhuN8wvj8t/VQHZdM4JsDcruGJ8L2kf9zao98QIrBPFCpdk27qst/AGTl7pL3ypQ==}
    engines: {node: '>=16.0.0'}
    dependencies:
      tslib: 2.6.2
    dev: true

  /diff@4.0.2:
    resolution: {integrity: sha512-58lmxKSA4BNyLz+HHMUzlOEpg09FV+ev6ZMe3vJihgdxzgcwZ8VoEEPmALCZG9LmqfVoNMMKpttIYTVG6uDY7A==}
    engines: {node: '>=0.3.1'}
    dev: true

  /dotenv@16.4.5:
    resolution: {integrity: sha512-ZmdL2rui+eB2YwhsWzjInR8LldtZHGDoQ1ugH85ppHKwpUHL7j7rN0Ti9NCnGiQbhaZ11FpR+7ao1dNsmduNUg==}
    engines: {node: '>=12'}
    dev: true

  /dset@3.1.3:
    resolution: {integrity: sha512-20TuZZHCEZ2O71q9/+8BwKwZ0QtD9D8ObhrihJPr+vLLYlSuAU3/zL4cSlgbfeoGHTjCSJBa7NGcrF9/Bx/WJQ==}
    engines: {node: '>=4'}
    dev: true

  /fast-decode-uri-component@1.0.1:
    resolution: {integrity: sha512-WKgKWg5eUxvRZGwW8FvfbaH7AXSh2cL+3j5fMGzUMCxWBJ3dV3a7Wz8y2f/uQ0e3B6WmodD3oS54jTQ9HVTIIg==}
    dev: true

  /fast-querystring@1.1.2:
    resolution: {integrity: sha512-g6KuKWmFXc0fID8WWH0jit4g0AGBoJhCkJMb1RmbsSEUNvQ+ZC8D6CUZ+GtF8nMzSPXnhiePyyqqipzNNEnHjg==}
    dependencies:
      fast-decode-uri-component: 1.0.1
    dev: true

  /grafbase@0.60.0:
    resolution: {integrity: sha512-yaX6R36o04jxtOuc8maXqLGn2PezMxeToRCbPFp5NIeJYibmmZM0/O6kYi/ak/1v1dW3tFc70Qfx2n+1U4VZtg==}
    hasBin: true
    requiresBuild: true
    optionalDependencies:
      '@grafbase/cli-aarch64-apple-darwin': 0.60.0
      '@grafbase/cli-aarch64-unknown-linux-musl': 0.60.0
      '@grafbase/cli-x86_64-apple-darwin': 0.60.0
      '@grafbase/cli-x86_64-pc-windows-msvc': 0.53.0
      '@grafbase/cli-x86_64-unknown-linux-musl': 0.60.0
    dev: true

  /graphql-yoga@5.1.1(graphql@16.8.1):
    resolution: {integrity: sha512-oak5nVKTHpqJgpA1aT3cJPOlCidrW7l6nbc5L6w07VdFul16ielGI2ZnQDAXO+qQih09/4WspD5x0SsSZH+hkg==}
    engines: {node: '>=18.0.0'}
    peerDependencies:
      graphql: ^15.2.0 || ^16.0.0
    dependencies:
      '@envelop/core': 5.0.0
      '@graphql-tools/executor': 1.2.1(graphql@16.8.1)
      '@graphql-tools/schema': 10.0.3(graphql@16.8.1)
      '@graphql-tools/utils': 10.1.0(graphql@16.8.1)
      '@graphql-yoga/logger': 2.0.0
      '@graphql-yoga/subscription': 5.0.0
      '@whatwg-node/fetch': 0.9.17
      '@whatwg-node/server': 0.9.26
      dset: 3.1.3
      graphql: 16.8.1
      lru-cache: 10.2.0
      tslib: 2.6.2
    dev: true

  /graphql@16.8.1:
    resolution: {integrity: sha512-59LZHPdGZVh695Ud9lRzPBVTtlX9ZCV150Er2W43ro37wVof0ctenSaskPPjN7lVTIN8mSZt8PHUNKZuNQUuxw==}
    engines: {node: ^12.22.0 || ^14.16.0 || ^16.0.0 || >=17.0.0}
    dev: true

  /lru-cache@10.2.0:
    resolution: {integrity: sha512-2bIM8x+VAf6JT4bKAljS1qUWgMsqZRPGJS6FSahIMPVvctcNhyVp7AJu7quxOW9jwkryBReKZY5tY5JYv2n/7Q==}
    engines: {node: 14 || >=16.14}
    dev: true

  /make-error@1.3.6:
    resolution: {integrity: sha512-s8UhlNe7vPKomQhC1qFelMokr/Sc3AgNbso3n74mVPA5LTZwkB9NlXf4XPamLxJE8h0gh73rM94xvwRT2CVInw==}
    dev: true

  /prettier@3.2.5:
    resolution: {integrity: sha512-3/GWa9aOC0YeD7LUfvOG2NiDyhOWRvt1k+rcKhOuYnMY24iiCphgneUfJDyFXd6rZCAnuLBv6UeAULtrhT/F4A==}
    engines: {node: '>=14'}
    hasBin: true
    dev: true

  /streamsearch@1.1.0:
    resolution: {integrity: sha512-Mcc5wHehp9aXz1ax6bZUyY5afg9u2rv5cqQI3mRrYkGC8rW2hM02jWuwjtL++LS5qinSyhj2QfLyNsuc+VsExg==}
    engines: {node: '>=10.0.0'}
    dev: true

  /ts-node@10.9.2(@types/node@20.11.25)(typescript@5.4.2):
    resolution: {integrity: sha512-f0FFpIdcHgn8zcPSbf1dRevwt047YMnaiJM3u2w2RewrB+fob/zePZcrOyQoLMMO7aBIddLcQIEK5dYjkLnGrQ==}
    hasBin: true
    peerDependencies:
      '@swc/core': '>=1.2.50'
      '@swc/wasm': '>=1.2.50'
      '@types/node': '*'
      typescript: '>=2.7'
    peerDependenciesMeta:
      '@swc/core':
        optional: true
      '@swc/wasm':
        optional: true
    dependencies:
      '@cspotcode/source-map-support': 0.8.1
      '@tsconfig/node10': 1.0.9
      '@tsconfig/node12': 1.0.11
      '@tsconfig/node14': 1.0.3
      '@tsconfig/node16': 1.0.4
      '@types/node': 20.11.25
      acorn: 8.11.3
      acorn-walk: 8.3.2
      arg: 4.1.3
      create-require: 1.1.1
      diff: 4.0.2
      make-error: 1.3.6
      typescript: 5.4.2
      v8-compile-cache-lib: 3.0.1
      yn: 3.1.1
    dev: true

  /tslib@2.6.2:
    resolution: {integrity: sha512-AEYxH93jGFPn/a2iVAwW87VuUIkR1FVUKB77NwMF7nBTDkDrrT/Hpt/IrCJ0QXhW27jTBDcf5ZY7w6RiqTMw2Q==}
    dev: true

  /turbo-darwin-64@1.12.5:
    resolution: {integrity: sha512-0GZ8reftwNQgIQLHkHjHEXTc/Z1NJm+YjsrBP+qhM/7yIZ3TEy9gJhuogDt2U0xIWwFgisTyzbtU7xNaQydtoA==}
    cpu: [x64]
    os: [darwin]
    requiresBuild: true
    dev: true
    optional: true

  /turbo-darwin-arm64@1.12.5:
    resolution: {integrity: sha512-8WpOLNNzvH6kohQOjihD+gaWL+ZFNfjvBwhOF0rjEzvW+YR3Pa7KjhulrjWyeN2yMFqAPubTbZIGOz1EVXLuQA==}
    cpu: [arm64]
    os: [darwin]
    requiresBuild: true
    dev: true
    optional: true

  /turbo-linux-64@1.12.5:
    resolution: {integrity: sha512-INit73+bNUpwqGZCxgXCR3I+cQsdkQ3/LkfkgSOibkpg+oGqxJRzeXw3sp990d7SCoE8QOcs3iw+PtiFX/LDAA==}
    cpu: [x64]
    os: [linux]
    requiresBuild: true
    dev: true
    optional: true

  /turbo-linux-arm64@1.12.5:
    resolution: {integrity: sha512-6lkRBvxtI/GQdGtaAec9LvVQUoRw6nXFp0kM+Eu+5PbZqq7yn6cMkgDJLI08zdeui36yXhone8XGI8pHg8bpUQ==}
    cpu: [arm64]
    os: [linux]
    requiresBuild: true
    dev: true
    optional: true

  /turbo-windows-64@1.12.5:
    resolution: {integrity: sha512-gQYbOhZg5Ww0bQ/bC0w/4W6yQRwBumUUnkB+QPo15VznwxZe2a7bo6JM+9Xy9dKLa/kn+p7zTqme4OEp6M3/Yg==}
    cpu: [x64]
    os: [win32]
    requiresBuild: true
    dev: true
    optional: true

  /turbo-windows-arm64@1.12.5:
    resolution: {integrity: sha512-auvhZ9FrhnvQ4mgBlY9O68MT4dIfprYGvd2uPICba/mHUZZvVy5SGgbHJ0KbMwaJfnnFoPgLJO6M+3N2gDprKw==}
    cpu: [arm64]
    os: [win32]
    requiresBuild: true
    dev: true
    optional: true

  /turbo@1.12.5:
    resolution: {integrity: sha512-FATU5EnhrYG8RvQJYFJnDd18DpccDjyvd53hggw9T9JEg9BhWtIEoeaKtBjYbpXwOVrJQMDdXcIB4f2nD3QPPg==}
    hasBin: true
    optionalDependencies:
      turbo-darwin-64: 1.12.5
      turbo-darwin-arm64: 1.12.5
      turbo-linux-64: 1.12.5
      turbo-linux-arm64: 1.12.5
      turbo-windows-64: 1.12.5
      turbo-windows-arm64: 1.12.5
    dev: true

  /type-fest@4.12.0:
    resolution: {integrity: sha512-5Y2/pp2wtJk8o08G0CMkuFPCO354FGwk/vbidxrdhRGZfd0tFnb4Qb8anp9XxXriwBgVPjdWbKpGl4J9lJY2jQ==}
    engines: {node: '>=16'}
    dev: true

  /typescript@5.4.2:
    resolution: {integrity: sha512-+2/g0Fds1ERlP6JsakQQDXjZdZMM+rqpamFZJEKh4kwTIn3iDkgKtby0CeNd5ATNZ4Ry1ax15TMx0W2V+miizQ==}
    engines: {node: '>=14.17'}
    hasBin: true
    dev: true

  /undici-types@5.26.5:
    resolution: {integrity: sha512-JlCMO+ehdEIKqlFxk6IfVoAUVmgz7cU7zD/h9XZ0qzeosSHmUJVOzSQvvYSYWXkFXC+IfLKSIffhv0sVZup6pA==}
    dev: true

  /urlpattern-polyfill@10.0.0:
    resolution: {integrity: sha512-H/A06tKD7sS1O1X2SshBVeA5FLycRpjqiBeqGKmBwBDBy28EnRjORxTNe269KSSr5un5qyWi1iL61wLxpd+ZOg==}
    dev: true

  /v8-compile-cache-lib@3.0.1:
    resolution: {integrity: sha512-wa7YjyUGfNZngI/vtK0UHAN+lgDCxBPCylVXGp0zu59Fz5aiGtNXaq3DhIov063MorB+VfufLh3JlF2KdTK3xg==}
    dev: true

  /value-or-promise@1.0.12:
    resolution: {integrity: sha512-Z6Uz+TYwEqE7ZN50gwn+1LCVo9ZVrpxRPOhOLnncYkY1ZzOYtrX8Fwf/rFktZ8R5mJms6EZf5TqNOMeZmnPq9Q==}
    engines: {node: '>=12'}
    dev: true

  /yn@3.1.1:
    resolution: {integrity: sha512-Ux4ygGWsu2c7isFWe8Yu1YluJmqVhxqK2cLXNQA5AcC3QfbGNpM7fu0Y8b/z16pXLnFxZYvWhd3fhBY9DLmC6Q==}
    engines: {node: '>=6'}
    dev: true
